
Microsoft Visual Studio Solution File, Format Version 12.00
# Visual Studio Version 17
VisualStudioVersion = 17.3.32819.101
MinimumVisualStudioVersion = 10.0.40219.1
Project("{FAE04EC0-301F-11D3-BF4B-00C04F79EFBC}") = "GeometricShapes", "GeometricShapes\GeometricShapes.csproj", "{00D0A9E5-BC1F-4BA6-859D-F417E6214026}"
EndProject
Global
	GlobalSection(SolutionConfigurationPlatforms) = preSolution
		Debug|Any CPU = Debug|Any CPU
		Release|Any CPU = Release|Any CPU
	EndGlobalSection
	GlobalSection(ProjectConfigurationPlatforms) = postSolution
		{00D0A9E5-BC1F-4BA6-859D-F417E6214026}.Debug|Any CPU.ActiveCfg = Debug|Any CPU
		{00D0A9E5-BC1F-4BA6-859D-F417E6214026}.Debug|Any CPU.Build.0 = Debug|Any CPU
		{00D0A9E5-BC1F-4BA6-859D-F417E6214026}.Release|Any CPU.ActiveCfg = Release|Any CPU
		{00D0A9E5-BC1F-4BA6-859D-F417E6214026}.Release|Any CPU.Build.0 = Release|Any CPU
	EndGlobalSection
	GlobalSection(SolutionProperties) = preSolution
		HideSolutionNode = FALSE
	EndGlobalSection
	GlobalSection(ExtensibilityGlobals) = postSolution
		SolutionGuid = {518FF602-EC23-454A-BE35-9D3863FB0A7A}
	EndGlobalSection
EndGlobal
